
Microsoft Visual Studio Solution File, Format Version 12.00
# Visual Studio 14
VisualStudioVersion = 14.0.24720.0
MinimumVisualStudioVersion = 10.0.40219.1
Project("{8BC9CEB8-8B4A-11D0-8D11-00A0C91BC942}") = "common", "common\common.vcxproj", "{3D33EFFC-5A65-4375-81AA-FCEA29016A50}"
EndProject
Project("{8BC9CEB8-8B4A-11D0-8D11-00A0C91BC942}") = "flat_segment_tree", "flat_segment_tree\flat_segment_tree.vcxproj", "{DE2B238C-D05D-4FB1-AC00-B4B847F43B1C}"
EndProject
Project("{8BC9CEB8-8B4A-11D0-8D11-00A0C91BC942}") = "segment_tree", "segment_tree\segment_tree.vcxproj", "{1E1C0589-A911-45A9-8C91-2EBC3FB1F078}"
EndProject
Project("{8BC9CEB8-8B4A-11D0-8D11-00A0C91BC942}") = "rectangle_set", "rectangle_set\rectangle_set.vcxproj", "{F00F70DF-E414-4B53-871F-33520245D338}"
EndProject
Project("{8BC9CEB8-8B4A-11D0-8D11-00A0C91BC942}") = "point_quad_tree", "point_quad_tree\point_quad_tree.vcxproj", "{A77E2B1A-7535-4770-8DDC-0DB088E5929A}"
EndProject
Project("{8BC9CEB8-8B4A-11D0-8D11-00A0C91BC942}") = "multi_type_vector (default)", "multi_type_vector_default\multi_type_vector_default.vcxproj", "{8A8EA8ED-3F6B-49FE-8B83-495EFF8E560C}"
EndProject
Project("{8BC9CEB8-8B4A-11D0-8D11-00A0C91BC942}") = "multi_type_vector (custom)", "multi_type_vector_custom\multi_type_vector_custom.vcxproj", "{9B0A2A1D-C861-4526-A4DA-F44D888AFBEF}"
EndProject
Project("{8BC9CEB8-8B4A-11D0-8D11-00A0C91BC942}") = "multi_type_matrix", "multi_type_matrix\multi_type_matrix.vcxproj", "{831A2583-F85F-4AF1-9851-8978D8BC8409}"
EndProject
Project("{8BC9CEB8-8B4A-11D0-8D11-00A0C91BC942}") = "multi_type_vector (perf)", "multi_type_vector_perf\multi_type_vector_perf.vcxproj", "{2B6E6C8A-20A9-44D9-84B9-3C575C37E8B4}"
EndProject
Project("{8BC9CEB8-8B4A-11D0-8D11-00A0C91BC942}") = "sorted_string_map", "sorted_string_map\sorted_string_map.vcxproj", "{E863C7CA-CF4F-4E83-9532-DA5FE61C4877}"
EndProject
Global
	GlobalSection(SolutionConfigurationPlatforms) = preSolution
		Debug|Win32 = Debug|Win32
		Release|Win32 = Release|Win32
	EndGlobalSection
	GlobalSection(ProjectConfigurationPlatforms) = postSolution
		{3D33EFFC-5A65-4375-81AA-FCEA29016A50}.Debug|Win32.ActiveCfg = Debug|Win32
		{3D33EFFC-5A65-4375-81AA-FCEA29016A50}.Release|Win32.ActiveCfg = Release|Win32
		{DE2B238C-D05D-4FB1-AC00-B4B847F43B1C}.Debug|Win32.ActiveCfg = Debug|Win32
		{DE2B238C-D05D-4FB1-AC00-B4B847F43B1C}.Debug|Win32.Build.0 = Debug|Win32
		{DE2B238C-D05D-4FB1-AC00-B4B847F43B1C}.Release|Win32.ActiveCfg = Release|Win32
		{DE2B238C-D05D-4FB1-AC00-B4B847F43B1C}.Release|Win32.Build.0 = Release|Win32
		{1E1C0589-A911-45A9-8C91-2EBC3FB1F078}.Debug|Win32.ActiveCfg = Debug|Win32
		{1E1C0589-A911-45A9-8C91-2EBC3FB1F078}.Debug|Win32.Build.0 = Debug|Win32
		{1E1C0589-A911-45A9-8C91-2EBC3FB1F078}.Release|Win32.ActiveCfg = Release|Win32
		{1E1C0589-A911-45A9-8C91-2EBC3FB1F078}.Release|Win32.Build.0 = Release|Win32
		{F00F70DF-E414-4B53-871F-33520245D338}.Debug|Win32.ActiveCfg = Debug|Win32
		{F00F70DF-E414-4B53-871F-33520245D338}.Debug|Win32.Build.0 = Debug|Win32
		{F00F70DF-E414-4B53-871F-33520245D338}.Release|Win32.ActiveCfg = Release|Win32
		{F00F70DF-E414-4B53-871F-33520245D338}.Release|Win32.Build.0 = Release|Win32
		{A77E2B1A-7535-4770-8DDC-0DB088E5929A}.Debug|Win32.ActiveCfg = Debug|Win32
		{A77E2B1A-7535-4770-8DDC-0DB088E5929A}.Debug|Win32.Build.0 = Debug|Win32
		{A77E2B1A-7535-4770-8DDC-0DB088E5929A}.Release|Win32.ActiveCfg = Release|Win32
		{A77E2B1A-7535-4770-8DDC-0DB088E5929A}.Release|Win32.Build.0 = Release|Win32
		{8A8EA8ED-3F6B-49FE-8B83-495EFF8E560C}.Debug|Win32.ActiveCfg = Debug|Win32
		{8A8EA8ED-3F6B-49FE-8B83-495EFF8E560C}.Debug|Win32.Build.0 = Debug|Win32
		{8A8EA8ED-3F6B-49FE-8B83-495EFF8E560C}.Release|Win32.ActiveCfg = Release|Win32
		{8A8EA8ED-3F6B-49FE-8B83-495EFF8E560C}.Release|Win32.Build.0 = Release|Win32
		{9B0A2A1D-C861-4526-A4DA-F44D888AFBEF}.Debug|Win32.ActiveCfg = Debug|Win32
		{9B0A2A1D-C861-4526-A4DA-F44D888AFBEF}.Debug|Win32.Build.0 = Debug|Win32
		{9B0A2A1D-C861-4526-A4DA-F44D888AFBEF}.Release|Win32.ActiveCfg = Release|Win32
		{9B0A2A1D-C861-4526-A4DA-F44D888AFBEF}.Release|Win32.Build.0 = Release|Win32
		{831A2583-F85F-4AF1-9851-8978D8BC8409}.Debug|Win32.ActiveCfg = Debug|Win32
		{831A2583-F85F-4AF1-9851-8978D8BC8409}.Debug|Win32.Build.0 = Debug|Win32
		{831A2583-F85F-4AF1-9851-8978D8BC8409}.Release|Win32.ActiveCfg = Release|Win32
		{831A2583-F85F-4AF1-9851-8978D8BC8409}.Release|Win32.Build.0 = Release|Win32
		{2B6E6C8A-20A9-44D9-84B9-3C575C37E8B4}.Debug|Win32.ActiveCfg = Debug|Win32
		{2B6E6C8A-20A9-44D9-84B9-3C575C37E8B4}.Debug|Win32.Build.0 = Debug|Win32
		{2B6E6C8A-20A9-44D9-84B9-3C575C37E8B4}.Release|Win32.ActiveCfg = Release|Win32
		{2B6E6C8A-20A9-44D9-84B9-3C575C37E8B4}.Release|Win32.Build.0 = Release|Win32
		{E863C7CA-CF4F-4E83-9532-DA5FE61C4877}.Debug|Win32.ActiveCfg = Debug|Win32
		{E863C7CA-CF4F-4E83-9532-DA5FE61C4877}.Debug|Win32.Build.0 = Debug|Win32
		{E863C7CA-CF4F-4E83-9532-DA5FE61C4877}.Release|Win32.ActiveCfg = Release|Win32
		{E863C7CA-CF4F-4E83-9532-DA5FE61C4877}.Release|Win32.Build.0 = Release|Win32
	EndGlobalSection
	GlobalSection(SolutionProperties) = preSolution
		HideSolutionNode = FALSE
	EndGlobalSection
EndGlobal
